
Microsoft Visual Studio Solution File, Format Version 12.00
Project("{FAE04EC0-301F-11D3-BF4B-00C04F79EFBC}") = "MiniLibrary.Application", "MiniLibrary.Application\MiniLibrary.Application.csproj", "{E544C7A5-4778-4FCD-8829-9FE7B0F96F4E}"
EndProject
Project("{FAE04EC0-301F-11D3-BF4B-00C04F79EFBC}") = "MiniLibrary.Infrastructure", "MiniLibrary.Infrastructure\MiniLibrary.Infrastructure.csproj", "{3EF04231-CF29-4038-8E6F-752D8B16CBB7}"
EndProject
Project("{FAE04EC0-301F-11D3-BF4B-00C04F79EFBC}") = "MiniLibrary.Domain", "MiniLibrary.Domain\MiniLibrary.Domain.csproj", "{FF6ACD67-BAF7-4D0B-BD9B-3E4F200CD37E}"
EndProject
Project("{FAE04EC0-301F-11D3-BF4B-00C04F79EFBC}") = "MiniLibrary.API", "MiniLibrary.API\MiniLibrary.API.csproj", "{73A1E295-F98D-4F83-8392-80F4DAB0B6E2}"
EndProject
Project("{FAE04EC0-301F-11D3-BF4B-00C04F79EFBC}") = "SharedKernel", "SharedKernel\SharedKernel.csproj", "{8812BE83-EA31-4FEE-94B3-0BC42F77F92F}"
EndProject
Project("{FAE04EC0-301F-11D3-BF4B-00C04F79EFBC}") = "MiniLibrary.OverdueNotificationWorker", "MiniLibrary.OverdueNotificationWorker\MiniLibrary.OverdueNotificationWorker.csproj", "{7313A5B9-35B9-43D3-9DF0-9B529352FE12}"
EndProject
Global
	GlobalSection(SolutionConfigurationPlatforms) = preSolution
		Debug|Any CPU = Debug|Any CPU
		Release|Any CPU = Release|Any CPU
	EndGlobalSection
	GlobalSection(ProjectConfigurationPlatforms) = postSolution
		{E544C7A5-4778-4FCD-8829-9FE7B0F96F4E}.Debug|Any CPU.ActiveCfg = Debug|Any CPU
		{E544C7A5-4778-4FCD-8829-9FE7B0F96F4E}.Debug|Any CPU.Build.0 = Debug|Any CPU
		{E544C7A5-4778-4FCD-8829-9FE7B0F96F4E}.Release|Any CPU.ActiveCfg = Release|Any CPU
		{E544C7A5-4778-4FCD-8829-9FE7B0F96F4E}.Release|Any CPU.Build.0 = Release|Any CPU
		{3EF04231-CF29-4038-8E6F-752D8B16CBB7}.Debug|Any CPU.ActiveCfg = Debug|Any CPU
		{3EF04231-CF29-4038-8E6F-752D8B16CBB7}.Debug|Any CPU.Build.0 = Debug|Any CPU
		{3EF04231-CF29-4038-8E6F-752D8B16CBB7}.Release|Any CPU.ActiveCfg = Release|Any CPU
		{3EF04231-CF29-4038-8E6F-752D8B16CBB7}.Release|Any CPU.Build.0 = Release|Any CPU
		{FF6ACD67-BAF7-4D0B-BD9B-3E4F200CD37E}.Debug|Any CPU.ActiveCfg = Debug|Any CPU
		{FF6ACD67-BAF7-4D0B-BD9B-3E4F200CD37E}.Debug|Any CPU.Build.0 = Debug|Any CPU
		{FF6ACD67-BAF7-4D0B-BD9B-3E4F200CD37E}.Release|Any CPU.ActiveCfg = Release|Any CPU
		{FF6ACD67-BAF7-4D0B-BD9B-3E4F200CD37E}.Release|Any CPU.Build.0 = Release|Any CPU
		{73A1E295-F98D-4F83-8392-80F4DAB0B6E2}.Debug|Any CPU.ActiveCfg = Debug|Any CPU
		{73A1E295-F98D-4F83-8392-80F4DAB0B6E2}.Debug|Any CPU.Build.0 = Debug|Any CPU
		{73A1E295-F98D-4F83-8392-80F4DAB0B6E2}.Release|Any CPU.ActiveCfg = Release|Any CPU
		{73A1E295-F98D-4F83-8392-80F4DAB0B6E2}.Release|Any CPU.Build.0 = Release|Any CPU
		{8812BE83-EA31-4FEE-94B3-0BC42F77F92F}.Debug|Any CPU.ActiveCfg = Debug|Any CPU
		{8812BE83-EA31-4FEE-94B3-0BC42F77F92F}.Debug|Any CPU.Build.0 = Debug|Any CPU
		{8812BE83-EA31-4FEE-94B3-0BC42F77F92F}.Release|Any CPU.ActiveCfg = Release|Any CPU
		{8812BE83-EA31-4FEE-94B3-0BC42F77F92F}.Release|Any CPU.Build.0 = Release|Any CPU
		{7313A5B9-35B9-43D3-9DF0-9B529352FE12}.Debug|Any CPU.ActiveCfg = Debug|Any CPU
		{7313A5B9-35B9-43D3-9DF0-9B529352FE12}.Debug|Any CPU.Build.0 = Debug|Any CPU
		{7313A5B9-35B9-43D3-9DF0-9B529352FE12}.Release|Any CPU.ActiveCfg = Release|Any CPU
		{7313A5B9-35B9-43D3-9DF0-9B529352FE12}.Release|Any CPU.Build.0 = Release|Any CPU
	EndGlobalSection
EndGlobal
